
Microsoft Visual Studio Solution File, Format Version 12.00
# Visual Studio Version 16
VisualStudioVersion = 16.0.31019.35
MinimumVisualStudioVersion = 10.0.40219.1
Project("{9A19103F-16F7-4668-BE54-9A1E7A4F7556}") = "Flexx.Web.Service", "Flexx.Web.Service\Flexx.Web.Service.csproj", "{50C45B9E-3EB5-4CD7-B9F8-78614DAD2C75}"
EndProject
Project("{9A19103F-16F7-4668-BE54-9A1E7A4F7556}") = "Flexx.Core", "Flexx.Core\Flexx.Core.csproj", "{177D078D-7AD7-4D11-9BAB-A3F432C2A830}"
EndProject
Project("{9A19103F-16F7-4668-BE54-9A1E7A4F7556}") = "Flexx.Media", "Flexx.Media\Flexx.Media.csproj", "{2C737AA7-785F-4E7F-A9B5-04ADF0B223C8}"
EndProject
Project("{00D1A9C2-B5F0-4AF3-8072-F6C62B433612}") = "LibraryDatabase", "LibraryDatabase\LibraryDatabase.sqlproj", "{ADE6D9A0-5EB4-4ECF-A186-7A6427740840}"
EndProject
Project("{FAE04EC0-301F-11D3-BF4B-00C04F79EFBC}") = "Flexx.Web.API", "Flexx.Web.API\Flexx.Web.API.csproj", "{CBEAB6C3-7654-4124-834D-B9288AFC50D4}"
EndProject
Global
	GlobalSection(SolutionConfigurationPlatforms) = preSolution
		Debug|Any CPU = Debug|Any CPU
		Release|Any CPU = Release|Any CPU
	EndGlobalSection
	GlobalSection(ProjectConfigurationPlatforms) = postSolution
		{50C45B9E-3EB5-4CD7-B9F8-78614DAD2C75}.Debug|Any CPU.ActiveCfg = Debug|Any CPU
		{50C45B9E-3EB5-4CD7-B9F8-78614DAD2C75}.Debug|Any CPU.Build.0 = Debug|Any CPU
		{50C45B9E-3EB5-4CD7-B9F8-78614DAD2C75}.Release|Any CPU.ActiveCfg = Release|Any CPU
		{50C45B9E-3EB5-4CD7-B9F8-78614DAD2C75}.Release|Any CPU.Build.0 = Release|Any CPU
		{177D078D-7AD7-4D11-9BAB-A3F432C2A830}.Debug|Any CPU.ActiveCfg = Debug|Any CPU
		{177D078D-7AD7-4D11-9BAB-A3F432C2A830}.Debug|Any CPU.Build.0 = Debug|Any CPU
		{177D078D-7AD7-4D11-9BAB-A3F432C2A830}.Release|Any CPU.ActiveCfg = Release|Any CPU
		{177D078D-7AD7-4D11-9BAB-A3F432C2A830}.Release|Any CPU.Build.0 = Release|Any CPU
		{2C737AA7-785F-4E7F-A9B5-04ADF0B223C8}.Debug|Any CPU.ActiveCfg = Debug|Any CPU
		{2C737AA7-785F-4E7F-A9B5-04ADF0B223C8}.Debug|Any CPU.Build.0 = Debug|Any CPU
		{2C737AA7-785F-4E7F-A9B5-04ADF0B223C8}.Release|Any CPU.ActiveCfg = Release|Any CPU
		{2C737AA7-785F-4E7F-A9B5-04ADF0B223C8}.Release|Any CPU.Build.0 = Release|Any CPU
		{ADE6D9A0-5EB4-4ECF-A186-7A6427740840}.Debug|Any CPU.ActiveCfg = Debug|Any CPU
		{ADE6D9A0-5EB4-4ECF-A186-7A6427740840}.Debug|Any CPU.Build.0 = Debug|Any CPU
		{ADE6D9A0-5EB4-4ECF-A186-7A6427740840}.Debug|Any CPU.Deploy.0 = Debug|Any CPU
		{ADE6D9A0-5EB4-4ECF-A186-7A6427740840}.Release|Any CPU.ActiveCfg = Release|Any CPU
		{ADE6D9A0-5EB4-4ECF-A186-7A6427740840}.Release|Any CPU.Build.0 = Release|Any CPU
		{ADE6D9A0-5EB4-4ECF-A186-7A6427740840}.Release|Any CPU.Deploy.0 = Release|Any CPU
		{CBEAB6C3-7654-4124-834D-B9288AFC50D4}.Debug|Any CPU.ActiveCfg = Debug|Any CPU
		{CBEAB6C3-7654-4124-834D-B9288AFC50D4}.Debug|Any CPU.Build.0 = Debug|Any CPU
		{CBEAB6C3-7654-4124-834D-B9288AFC50D4}.Release|Any CPU.ActiveCfg = Release|Any CPU
		{CBEAB6C3-7654-4124-834D-B9288AFC50D4}.Release|Any CPU.Build.0 = Release|Any CPU
	EndGlobalSection
	GlobalSection(SolutionProperties) = preSolution
		HideSolutionNode = FALSE
	EndGlobalSection
	GlobalSection(ExtensibilityGlobals) = postSolution
		SolutionGuid = {92DFFAC7-B7ED-4530-AA02-A1C6F42A70AF}
	EndGlobalSection
EndGlobal
